
Microsoft Visual Studio Solution File, Format Version 12.00
# Visual Studio Version 17
VisualStudioVersion = 17.3.32804.467
MinimumVisualStudioVersion = 10.0.40219.1
Project("{FAE04EC0-301F-11D3-BF4B-00C04F79EFBC}") = "GroseryStoreProjectMVC", "GroseryStoreProjectMVC\GroseryStoreProjectMVC.csproj", "{665600E0-0105-46C9-A6D0-F89B4C1F08B3}"
EndProject
Global
	GlobalSection(SolutionConfigurationPlatforms) = preSolution
		Debug|Any CPU = Debug|Any CPU
		Release|Any CPU = Release|Any CPU
	EndGlobalSection
	GlobalSection(ProjectConfigurationPlatforms) = postSolution
		{665600E0-0105-46C9-A6D0-F89B4C1F08B3}.Debug|Any CPU.ActiveCfg = Debug|Any CPU
		{665600E0-0105-46C9-A6D0-F89B4C1F08B3}.Debug|Any CPU.Build.0 = Debug|Any CPU
		{665600E0-0105-46C9-A6D0-F89B4C1F08B3}.Release|Any CPU.ActiveCfg = Release|Any CPU
		{665600E0-0105-46C9-A6D0-F89B4C1F08B3}.Release|Any CPU.Build.0 = Release|Any CPU
	EndGlobalSection
	GlobalSection(SolutionProperties) = preSolution
		HideSolutionNode = FALSE
	EndGlobalSection
	GlobalSection(ExtensibilityGlobals) = postSolution
		SolutionGuid = {1A6F22C5-3E75-42A8-9B12-1B8EE0BDA660}
	EndGlobalSection
EndGlobal
